<?xml version="1.0" encoding="utf-8"?>
<Project ToolsVersion="4.0" xmlns="http://schemas.microsoft.com/developer/msbuild/2003">
  <ItemGroup>
    <Filter Include="Source Files">
      <UniqueIdentifier>{4FC737F1-C7A5-4376-A066-2A32D752A2FF}</UniqueIdentifier>
      <Extensions>cpp;c;cc;cxx;def;odl;idl;hpj;bat;asm;asmx</Extensions>
    </Filter>
    <Filter Include="Header Files">
      <UniqueIdentifier>{93995380-89BD-4b04-88EB-625FBE52EBFB}</UniqueIdentifier>
      <Extensions>h;hh;hpp;hxx;hm;inl;inc;xsd</Extensions>
    </Filter>
    <Filter Include="Resource Files">
      <UniqueIdentifier>{67DA6AB6-F800-4c08-8B7A-83BB121AAD01}</UniqueIdentifier>
      <Extensions>rc;ico;cur;bmp;dlg;rc2;rct;bin;rgs;gif;jpg;jpeg;jpe;resx;tiff;tif;png;wav;mfcribbon-ms</Extensions>
    </Filter>
    <Filter Include="include">
      <UniqueIdentifier>{9f8b9b08-3f09-43c9-ab76-3376d32353af}</UniqueIdentifier>
    </Filter>
  </ItemGroup>
  <ItemGroup>
    <ClCompile Include="mgEngine.cpp">
      <Filter>Source Files</Filter>
    </ClCompile>
    <ClCompile Include="mgSystem.cpp">
      <Filter>Source Files</Filter>
    </ClCompile>
    <ClCompile Include="mgComponent.cpp">
      <Filter>Source Files</Filter>
    </ClCompile>
    <ClCompile Include="mgPlaneshader.cpp">
      <Filter>Source Files</Filter>
    </ClCompile>
    <ClCompile Include="mgTinyOAL.cpp">
      <Filter>Source Files</Filter>
    </ClCompile>
    <ClCompile Include="mgLiquidFun.cpp">
      <Filter>Source Files</Filter>
    </ClCompile>
    <ClCompile Include="mgJoinPSB2.cpp">
      <Filter>Source Files</Filter>
    </ClCompile>
    <ClCompile Include="mgBox2D.cpp">
      <Filter>Source Files</Filter>
    </ClCompile>
    <ClCompile Include="mgRefCounter.cpp">
      <Filter>Source Files</Filter>
    </ClCompile>
    <ClCompile Include="mgLogic.cpp">
      <Filter>Source Files</Filter>
    </ClCompile>
    <ClCompile Include="mgControlMap.cpp">
      <Filter>Source Files</Filter>
    </ClCompile>
    <ClCompile Include="mgEntity.cpp">
      <Filter>Source Files</Filter>
    </ClCompile>
    <ClCompile Include="mgLua.cpp">
      <Filter>Source Files</Filter>
    </ClCompile>
    <ClCompile Include="mgConsole.cpp">
      <Filter>Source Files</Filter>
    </ClCompile>
  </ItemGroup>
  <ItemGroup>
    <ClInclude Include="..\include\magnesium\mgComponent.h">
      <Filter>include</Filter>
    </ClInclude>
    <ClInclude Include="..\include\magnesium\Magnesium.h">
      <Filter>include</Filter>
    </ClInclude>
    <ClInclude Include="..\include\magnesium\mgSystem.h">
      <Filter>include</Filter>
    </ClInclude>
    <ClInclude Include="..\include\magnesium\mgPlaneshader.h">
      <Filter>include</Filter>
    </ClInclude>
    <ClInclude Include="..\include\magnesium\mgBox2D.h">
      <Filter>include</Filter>
    </ClInclude>
    <ClInclude Include="..\include\magnesium\mg_dec.h">
      <Filter>include</Filter>
    </ClInclude>
    <ClInclude Include="..\include\magnesium\mgEngine.h">
      <Filter>include</Filter>
    </ClInclude>
    <ClInclude Include="..\include\magnesium\mgTinyOAL.h">
      <Filter>include</Filter>
    </ClInclude>
    <ClInclude Include="..\include\magnesium\mgLiquidFun.h">
      <Filter>include</Filter>
    </ClInclude>
    <ClInclude Include="..\include\magnesium\mgJoinPSB2.h">
      <Filter>include</Filter>
    </ClInclude>
    <ClInclude Include="..\include\magnesium\mgRefCounter.h">
      <Filter>include</Filter>
    </ClInclude>
    <ClInclude Include="..\include\magnesium\mgLogic.h">
      <Filter>include</Filter>
    </ClInclude>
    <ClInclude Include="..\include\magnesium\mgControlMap.h">
      <Filter>include</Filter>
    </ClInclude>
    <ClInclude Include="..\include\magnesium\mgEntity.h">
      <Filter>include</Filter>
    </ClInclude>
    <ClInclude Include="..\include\magnesium\mgLua.h">
      <Filter>include</Filter>
    </ClInclude>
    <ClInclude Include="..\include\magnesium\mg_lua_c.h">
      <Filter>include</Filter>
    </ClInclude>
    <ClInclude Include="..\include\magnesium\mgConsole.h">
      <Filter>include</Filter>
    </ClInclude>
  </ItemGroup>
  <ItemGroup>
    <ResourceCompile Include="Magnesium.rc">
      <Filter>Resource Files</Filter>
    </ResourceCompile>
  </ItemGroup>
</Project>